
Microsoft Visual Studio Solution File, Format Version 12.00
# Visual Studio Version 17
VisualStudioVersion = 17.2.32616.157
MinimumVisualStudioVersion = 10.0.40219.1
Project("{FAE04EC0-301F-11D3-BF4B-00C04F79EFBC}") = "Business", "Business\Business.csproj", "{B9B3DD16-155D-4206-8972-CBB62B144353}"
EndProject
Project("{FAE04EC0-301F-11D3-BF4B-00C04F79EFBC}") = "DataAccess", "DataAccess\DataAccess.csproj", "{D2D9F66A-FCC5-4301-9A47-860119F15F3E}"
EndProject
Project("{FAE04EC0-301F-11D3-BF4B-00C04F79EFBC}") = "Entities", "Entities\Entities.csproj", "{E99DDE99-854E-43F5-A49D-5291188995D8}"
EndProject
Project("{FAE04EC0-301F-11D3-BF4B-00C04F79EFBC}") = "WebApi", "WebApi\WebApi.csproj", "{AF879373-9209-4D69-B448-55563852063D}"
EndProject
Project("{FAE04EC0-301F-11D3-BF4B-00C04F79EFBC}") = "WebApiWithCoreMVC", "WebApiWithCoreMVC\WebApiWithCoreMVC.csproj", "{2A2F6E44-619F-40E0-841F-1C0023FF9D63}"
EndProject
Global
	GlobalSection(SolutionConfigurationPlatforms) = preSolution
		Debug|Any CPU = Debug|Any CPU
		Release|Any CPU = Release|Any CPU
	EndGlobalSection
	GlobalSection(ProjectConfigurationPlatforms) = postSolution
		{B9B3DD16-155D-4206-8972-CBB62B144353}.Debug|Any CPU.ActiveCfg = Debug|Any CPU
		{B9B3DD16-155D-4206-8972-CBB62B144353}.Debug|Any CPU.Build.0 = Debug|Any CPU
		{B9B3DD16-155D-4206-8972-CBB62B144353}.Release|Any CPU.ActiveCfg = Release|Any CPU
		{B9B3DD16-155D-4206-8972-CBB62B144353}.Release|Any CPU.Build.0 = Release|Any CPU
		{D2D9F66A-FCC5-4301-9A47-860119F15F3E}.Debug|Any CPU.ActiveCfg = Debug|Any CPU
		{D2D9F66A-FCC5-4301-9A47-860119F15F3E}.Debug|Any CPU.Build.0 = Debug|Any CPU
		{D2D9F66A-FCC5-4301-9A47-860119F15F3E}.Release|Any CPU.ActiveCfg = Release|Any CPU
		{D2D9F66A-FCC5-4301-9A47-860119F15F3E}.Release|Any CPU.Build.0 = Release|Any CPU
		{E99DDE99-854E-43F5-A49D-5291188995D8}.Debug|Any CPU.ActiveCfg = Debug|Any CPU
		{E99DDE99-854E-43F5-A49D-5291188995D8}.Debug|Any CPU.Build.0 = Debug|Any CPU
		{E99DDE99-854E-43F5-A49D-5291188995D8}.Release|Any CPU.ActiveCfg = Release|Any CPU
		{E99DDE99-854E-43F5-A49D-5291188995D8}.Release|Any CPU.Build.0 = Release|Any CPU
		{AF879373-9209-4D69-B448-55563852063D}.Debug|Any CPU.ActiveCfg = Debug|Any CPU
		{AF879373-9209-4D69-B448-55563852063D}.Debug|Any CPU.Build.0 = Debug|Any CPU
		{AF879373-9209-4D69-B448-55563852063D}.Release|Any CPU.ActiveCfg = Release|Any CPU
		{AF879373-9209-4D69-B448-55563852063D}.Release|Any CPU.Build.0 = Release|Any CPU
		{2A2F6E44-619F-40E0-841F-1C0023FF9D63}.Debug|Any CPU.ActiveCfg = Debug|Any CPU
		{2A2F6E44-619F-40E0-841F-1C0023FF9D63}.Debug|Any CPU.Build.0 = Debug|Any CPU
		{2A2F6E44-619F-40E0-841F-1C0023FF9D63}.Release|Any CPU.ActiveCfg = Release|Any CPU
		{2A2F6E44-619F-40E0-841F-1C0023FF9D63}.Release|Any CPU.Build.0 = Release|Any CPU
	EndGlobalSection
	GlobalSection(SolutionProperties) = preSolution
		HideSolutionNode = FALSE
	EndGlobalSection
	GlobalSection(ExtensibilityGlobals) = postSolution
		SolutionGuid = {F5A0E7AB-8148-4C10-BA82-FB64CE845067}
	EndGlobalSection
EndGlobal
